{
  "name": "experiment-with-npm",
  "version": "1.0.0",
  "lockfileVersion": 3,
  "requires": true,
  "packages": {
    "": {
      "name": "experiment-with-npm",
      "version": "1.0.0",
      "license": "ISC",
      "dependencies": {
        "lodash": "https://github.com/behagoras/experiment-with-npm"
      }
    }
  }
}
